
Microsoft Visual Studio Solution File, Format Version 12.00
# Visual Studio Version 17
VisualStudioVersion = 17.0.31919.166
MinimumVisualStudioVersion = 10.0.40219.1
Project("{9A19103F-16F7-4668-BE54-9A1E7A4F7556}") = "CheckNugetPackages", "CheckNugetPackages\CheckNugetPackages.csproj", "{066AFC49-B5E1-429E-B54E-3B88457FA18B}"
EndProject
Project("{FAE04EC0-301F-11D3-BF4B-00C04F79EFBC}") = "CheckNpmPackages", "CheckNpmPackages\CheckNpmPackages.csproj", "{F563F4FD-56DE-4724-BCB2-7B225A1C14F8}"
EndProject
Global
	GlobalSection(SolutionConfigurationPlatforms) = preSolution
		Debug|Any CPU = Debug|Any CPU
		Release|Any CPU = Release|Any CPU
	EndGlobalSection
	GlobalSection(ProjectConfigurationPlatforms) = postSolution
		{066AFC49-B5E1-429E-B54E-3B88457FA18B}.Debug|Any CPU.ActiveCfg = Debug|Any CPU
		{066AFC49-B5E1-429E-B54E-3B88457FA18B}.Debug|Any CPU.Build.0 = Debug|Any CPU
		{066AFC49-B5E1-429E-B54E-3B88457FA18B}.Release|Any CPU.ActiveCfg = Release|Any CPU
		{066AFC49-B5E1-429E-B54E-3B88457FA18B}.Release|Any CPU.Build.0 = Release|Any CPU
		{F563F4FD-56DE-4724-BCB2-7B225A1C14F8}.Debug|Any CPU.ActiveCfg = Debug|Any CPU
		{F563F4FD-56DE-4724-BCB2-7B225A1C14F8}.Debug|Any CPU.Build.0 = Debug|Any CPU
		{F563F4FD-56DE-4724-BCB2-7B225A1C14F8}.Release|Any CPU.ActiveCfg = Release|Any CPU
		{F563F4FD-56DE-4724-BCB2-7B225A1C14F8}.Release|Any CPU.Build.0 = Release|Any CPU
	EndGlobalSection
	GlobalSection(SolutionProperties) = preSolution
		HideSolutionNode = FALSE
	EndGlobalSection
	GlobalSection(ExtensibilityGlobals) = postSolution
		SolutionGuid = {B9C181BA-6940-4C65-9D11-E94497CFCAD8}
	EndGlobalSection
EndGlobal
